
Microsoft Visual Studio Solution File, Format Version 12.00
# Visual Studio 15
VisualStudioVersion = 15.0.27004.2009
MinimumVisualStudioVersion = 10.0.40219.1
Project("{9A19103F-16F7-4668-BE54-9A1E7A4F7556}") = "NVelocity", "NVelocity\NVelocity.csproj", "{04F3E806-400D-4F8C-9D65-FA572A6025A5}"
EndProject
Project("{9A19103F-16F7-4668-BE54-9A1E7A4F7556}") = "NVelocity.Tests", "NVelocity.Tests\NVelocity.Tests.csproj", "{1945AE59-629C-44E6-A16D-10457B7A1FD6}"
EndProject
Project("{2150E333-8FDC-42A3-9474-1A3956D46DE8}") = "Solution Items", "Solution Items", "{D557073D-AA04-4B7E-98FC-91BEB38A7244}"
	ProjectSection(SolutionItems) = preProject
		LICENSE.txt = LICENSE.txt
		README.md = README.md
	EndProjectSection
EndProject
Global
	GlobalSection(SolutionConfigurationPlatforms) = preSolution
		Debug|Any CPU = Debug|Any CPU
		Release|Any CPU = Release|Any CPU
	EndGlobalSection
	GlobalSection(ProjectConfigurationPlatforms) = postSolution
		{04F3E806-400D-4F8C-9D65-FA572A6025A5}.Debug|Any CPU.ActiveCfg = Debug|Any CPU
		{04F3E806-400D-4F8C-9D65-FA572A6025A5}.Debug|Any CPU.Build.0 = Debug|Any CPU
		{04F3E806-400D-4F8C-9D65-FA572A6025A5}.Release|Any CPU.ActiveCfg = Release|Any CPU
		{04F3E806-400D-4F8C-9D65-FA572A6025A5}.Release|Any CPU.Build.0 = Release|Any CPU
		{1945AE59-629C-44E6-A16D-10457B7A1FD6}.Debug|Any CPU.ActiveCfg = Debug|Any CPU
		{1945AE59-629C-44E6-A16D-10457B7A1FD6}.Debug|Any CPU.Build.0 = Debug|Any CPU
		{1945AE59-629C-44E6-A16D-10457B7A1FD6}.Release|Any CPU.ActiveCfg = Release|Any CPU
		{1945AE59-629C-44E6-A16D-10457B7A1FD6}.Release|Any CPU.Build.0 = Release|Any CPU
	EndGlobalSection
	GlobalSection(SolutionProperties) = preSolution
		HideSolutionNode = FALSE
	EndGlobalSection
	GlobalSection(ExtensibilityGlobals) = postSolution
		SolutionGuid = {01C62B52-7F20-4BC2-8BB4-821F8EBBB518}
	EndGlobalSection
EndGlobal
